// !$*UTF8*$!
{
	archiveVersion = 1;
	classes = {
	};
	objectVersion = 48;
	objects = {

/* Begin PBXBuildFile section */
		A2C08ED7215645C700223EEE /* main.cpp in Sources */ = {isa = PBXBuildFile; fileRef = A2C08ED6215645C700223EEE /* main.cpp */; };
		A2C08EE021564AFC00223EEE /* test.cpp in Sources */ = {isa = PBXBuildFile; fileRef = A2C08EDE21564AFC00223EEE /* test.cpp */; };
		A2C08EE321564B9C00223EEE /* levenstein.cpp in Sources */ = {isa = PBXBuildFile; fileRef = A2C08EE121564B9C00223EEE /* levenstein.cpp */; };
		A2C08EE621564E3100223EEE /* levenstein_recurs.cpp in Sources */ = {isa = PBXBuildFile; fileRef = A2C08EE421564E3100223EEE /* levenstein_recurs.cpp */; };
		A2C08EE921565A3F00223EEE /* generate_string.cpp in Sources */ = {isa = PBXBuildFile; fileRef = A2C08EE721565A3F00223EEE /* generate_string.cpp */; };
		A2C08EEC215671D500223EEE /* damerau_levenshtein.cpp in Sources */ = {isa = PBXBuildFile; fileRef = A2C08EEA215671D500223EEE /* damerau_levenshtein.cpp */; };
/* End PBXBuildFile section */

/* Begin PBXCopyFilesBuildPhase section */
		A2C08ED1215645C700223EEE /* CopyFiles */ = {
			isa = PBXCopyFilesBuildPhase;
			buildActionMask = 2147483647;
			dstPath = /usr/share/man/man1/;
			dstSubfolderSpec = 0;
			files = (
			);
			runOnlyForDeploymentPostprocessing = 1;
		};
/* End PBXCopyFilesBuildPhase section */

/* Begin PBXFileReference section */
		A2C08ED3215645C700223EEE /* lab1AA */ = {isa = PBXFileReference; explicitFileType = "compiled.mach-o.executable"; includeInIndex = 0; path = lab1AA; sourceTree = BUILT_PRODUCTS_DIR; };
		A2C08ED6215645C700223EEE /* main.cpp */ = {isa = PBXFileReference; lastKnownFileType = sourcecode.cpp.cpp; path = main.cpp; sourceTree = "<group>"; };
		A2C08EDE21564AFC00223EEE /* test.cpp */ = {isa = PBXFileReference; lastKnownFileType = sourcecode.cpp.cpp; path = test.cpp; sourceTree = "<group>"; };
		A2C08EDF21564AFC00223EEE /* test.hpp */ = {isa = PBXFileReference; lastKnownFileType = sourcecode.cpp.h; path = test.hpp; sourceTree = "<group>"; };
		A2C08EE121564B9C00223EEE /* levenstein.cpp */ = {isa = PBXFileReference; lastKnownFileType = sourcecode.cpp.cpp; path = levenstein.cpp; sourceTree = "<group>"; };
		A2C08EE221564B9C00223EEE /* levenstein.hpp */ = {isa = PBXFileReference; lastKnownFileType = sourcecode.cpp.h; path = levenstein.hpp; sourceTree = "<group>"; };
		A2C08EE421564E3100223EEE /* levenstein_recurs.cpp */ = {isa = PBXFileReference; lastKnownFileType = sourcecode.cpp.cpp; path = levenstein_recurs.cpp; sourceTree = "<group>"; };
		A2C08EE521564E3100223EEE /* levenstein_recurs.hpp */ = {isa = PBXFileReference; lastKnownFileType = sourcecode.cpp.h; path = levenstein_recurs.hpp; sourceTree = "<group>"; };
		A2C08EE721565A3F00223EEE /* generate_string.cpp */ = {isa = PBXFileReference; lastKnownFileType = sourcecode.cpp.cpp; path = generate_string.cpp; sourceTree = "<group>"; };
		A2C08EE821565A3F00223EEE /* generate_string.hpp */ = {isa = PBXFileReference; lastKnownFileType = sourcecode.cpp.h; path = generate_string.hpp; sourceTree = "<group>"; };
		A2C08EEA215671D500223EEE /* damerau_levenshtein.cpp */ = {isa = PBXFileReference; lastKnownFileType = sourcecode.cpp.cpp; path = damerau_levenshtein.cpp; sourceTree = "<group>"; };
		A2C08EEB215671D500223EEE /* damerau_levenshtein.hpp */ = {isa = PBXFileReference; lastKnownFileType = sourcecode.cpp.h; path = damerau_levenshtein.hpp; sourceTree = "<group>"; };
/* End PBXFileReference section */

/* Begin PBXFrameworksBuildPhase section */
		A2C08ED0215645C700223EEE /* Frameworks */ = {
			isa = PBXFrameworksBuildPhase;
			buildActionMask = 2147483647;
			files = (
			);
			runOnlyForDeploymentPostprocessing = 0;
		};
/* End PBXFrameworksBuildPhase section */

/* Begin PBXGroup section */
		A2C08ECA215645C600223EEE = {
			isa = PBXGroup;
			children = (
				A2C08ED5215645C700223EEE /* lab1AA */,
				A2C08ED4215645C700223EEE /* Products */,
			);
			sourceTree = "<group>";
		};
		A2C08ED4215645C700223EEE /* Products */ = {
			isa = PBXGroup;
			children = (
				A2C08ED3215645C700223EEE /* lab1AA */,
			);
			name = Products;
			sourceTree = "<group>";
		};
		A2C08ED5215645C700223EEE /* lab1AA */ = {
			isa = PBXGroup;
			children = (
				A2C08ED6215645C700223EEE /* main.cpp */,
				A2C08EDE21564AFC00223EEE /* test.cpp */,
				A2C08EDF21564AFC00223EEE /* test.hpp */,
				A2C08EE121564B9C00223EEE /* levenstein.cpp */,
				A2C08EE221564B9C00223EEE /* levenstein.hpp */,
				A2C08EE421564E3100223EEE /* levenstein_recurs.cpp */,
				A2C08EE521564E3100223EEE /* levenstein_recurs.hpp */,
				A2C08EE721565A3F00223EEE /* generate_string.cpp */,
				A2C08EE821565A3F00223EEE /* generate_string.hpp */,
				A2C08EEA215671D500223EEE /* damerau_levenshtein.cpp */,
				A2C08EEB215671D500223EEE /* damerau_levenshtein.hpp */,
			);
			path = lab1AA;
			sourceTree = "<group>";
		};
/* End PBXGroup section */

/* Begin PBXNativeTarget section */
		A2C08ED2215645C700223EEE /* lab1AA */ = {
			isa = PBXNativeTarget;
			buildConfigurationList = A2C08EDA215645C700223EEE /* Build configuration list for PBXNativeTarget "lab1AA" */;
			buildPhases = (
				A2C08ECF215645C700223EEE /* Sources */,
				A2C08ED0215645C700223EEE /* Frameworks */,
				A2C08ED1215645C700223EEE /* CopyFiles */,
			);
			buildRules = (
			);
			dependencies = (
			);
			name = lab1AA;
			productName = lab1AA;
			productReference = A2C08ED3215645C700223EEE /* lab1AA */;
			productType = "com.apple.product-type.tool";
		};
/* End PBXNativeTarget section */

/* Begin PBXProject section */
		A2C08ECB215645C700223EEE /* Project object */ = {
			isa = PBXProject;
			attributes = {
				LastUpgradeCheck = 0920;
				ORGANIZATIONNAME = Videot4pe;
				TargetAttributes = {
					A2C08ED2215645C700223EEE = {
						CreatedOnToolsVersion = 9.2;
						ProvisioningStyle = Automatic;
					};
				};
			};
			buildConfigurationList = A2C08ECE215645C700223EEE /* Build configuration list for PBXProject "lab1AA" */;
			compatibilityVersion = "Xcode 8.0";
			developmentRegion = en;
			hasScannedForEncodings = 0;
			knownRegions = (
				en,
			);
			mainGroup = A2C08ECA215645C600223EEE;
			productRefGroup = A2C08ED4215645C700223EEE /* Products */;
			projectDirPath = "";
			projectRoot = "";
			targets = (
				A2C08ED2215645C700223EEE /* lab1AA */,
			);
		};
/* End PBXProject section */

/* Begin PBXSourcesBuildPhase section */
		A2C08ECF215645C700223EEE /* Sources */ = {
			isa = PBXSourcesBuildPhase;
			buildActionMask = 2147483647;
			files = (
				A2C08EE321564B9C00223EEE /* levenstein.cpp in Sources */,
				A2C08EE921565A3F00223EEE /* generate_string.cpp in Sources */,
				A2C08ED7215645C700223EEE /* main.cpp in Sources */,
				A2C08EE621564E3100223EEE /* levenstein_recurs.cpp in Sources */,
				A2C08EE021564AFC00223EEE /* test.cpp in Sources */,
				A2C08EEC215671D500223EEE /* damerau_levenshtein.cpp in Sources */,
			);
			runOnlyForDeploymentPostprocessing = 0;
		};
/* End PBXSourcesBuildPhase section */

/* Begin XCBuildConfiguration section */
		A2C08ED8215645C700223EEE /* Debug */ = {
			isa = XCBuildConfiguration;
			buildSettings = {
				ALWAYS_SEARCH_USER_PATHS = NO;
				CLANG_ANALYZER_NONNULL = YES;
				CLANG_ANALYZER_NUMBER_OBJECT_CONVERSION = YES_AGGRESSIVE;
				CLANG_CXX_LANGUAGE_STANDARD = "gnu++14";
				CLANG_CXX_LIBRARY = "libc++";
				CLANG_ENABLE_MODULES = YES;
				CLANG_ENABLE_OBJC_ARC = YES;
				CLANG_WARN_BLOCK_CAPTURE_AUTORELEASING = YES;
				CLANG_WARN_BOOL_CONVERSION = YES;
				CLANG_WARN_COMMA = YES;
				CLANG_WARN_CONSTANT_CONVERSION = YES;
				CLANG_WARN_DIRECT_OBJC_ISA_USAGE = YES_ERROR;
				CLANG_WARN_DOCUMENTATION_COMMENTS = YES;
				CLANG_WARN_EMPTY_BODY = YES;
				CLANG_WARN_ENUM_CONVERSION = YES;
				CLANG_WARN_INFINITE_RECURSION = YES;
				CLANG_WARN_INT_CONVERSION = YES;
				CLANG_WARN_NON_LITERAL_NULL_CONVERSION = YES;
				CLANG_WARN_OBJC_LITERAL_CONVERSION = YES;
				CLANG_WARN_OBJC_ROOT_CLASS = YES_ERROR;
				CLANG_WARN_RANGE_LOOP_ANALYSIS = YES;
				CLANG_WARN_STRICT_PROTOTYPES = YES;
				CLANG_WARN_SUSPICIOUS_MOVE = YES;
				CLANG_WARN_UNGUARDED_AVAILABILITY = YES_AGGRESSIVE;
				CLANG_WARN_UNREACHABLE_CODE = YES;
				CLANG_WARN__DUPLICATE_METHOD_MATCH = YES;
				CODE_SIGN_IDENTITY = "Mac Developer";
				COPY_PHASE_STRIP = NO;
				DEBUG_INFORMATION_FORMAT = dwarf;
				ENABLE_STRICT_OBJC_MSGSEND = YES;
				ENABLE_TESTABILITY = YES;
				GCC_C_LANGUAGE_STANDARD = gnu11;
				GCC_DYNAMIC_NO_PIC = NO;
				GCC_NO_COMMON_BLOCKS = YES;
				GCC_OPTIMIZATION_LEVEL = 0;
				GCC_PREPROCESSOR_DEFINITIONS = (
					"DEBUG=1",
					"$(inherited)",
				);
				GCC_WARN_64_TO_32_BIT_CONVERSION = YES;
				GCC_WARN_ABOUT_RETURN_TYPE = YES_ERROR;
				GCC_WARN_UNDECLARED_SELECTOR = YES;
				GCC_WARN_UNINITIALIZED_AUTOS = YES_AGGRESSIVE;
				GCC_WARN_UNUSED_FUNCTION = YES;
				GCC_WARN_UNUSED_VARIABLE = YES;
				MACOSX_DEPLOYMENT_TARGET = 10.13;
				MTL_ENABLE_DEBUG_INFO = YES;
				ONLY_ACTIVE_ARCH = YES;
				SDKROOT = macosx;
			};
			name = Debug;
		};
		A2C08ED9215645C700223EEE /* Release */ = {
			isa = XCBuildConfiguration;
			buildSettings = {
				ALWAYS_SEARCH_USER_PATHS = NO;
				CLANG_ANALYZER_NONNULL = YES;
				CLANG_ANALYZER_NUMBER_OBJECT_CONVERSION = YES_AGGRESSIVE;
				CLANG_CXX_LANGUAGE_STANDARD = "gnu++14";
				CLANG_CXX_LIBRARY = "libc++";
				CLANG_ENABLE_MODULES = YES;
				CLANG_ENABLE_OBJC_ARC = YES;
				CLANG_WARN_BLOCK_CAPTURE_AUTORELEASING = YES;
				CLANG_WARN_BOOL_CONVERSION = YES;
				CLANG_WARN_COMMA = YES;
				CLANG_WARN_CONSTANT_CONVERSION = YES;
				CLANG_WARN_DIRECT_OBJC_ISA_USAGE = YES_ERROR;
				CLANG_WARN_DOCUMENTATION_COMMENTS = YES;
				CLANG_WARN_EMPTY_BODY = YES;
				CLANG_WARN_ENUM_CONVERSION = YES;
				CLANG_WARN_INFINITE_RECURSION = YES;
				CLANG_WARN_INT_CONVERSION = YES;
				CLANG_WARN_NON_LITERAL_NULL_CONVERSION = YES;
				CLANG_WARN_OBJC_LITERAL_CONVERSION = YES;
				CLANG_WARN_OBJC_ROOT_CLASS = YES_ERROR;
				CLANG_WARN_RANGE_LOOP_ANALYSIS = YES;
				CLANG_WARN_STRICT_PROTOTYPES = YES;
				CLANG_WARN_SUSPICIOUS_MOVE = YES;
				CLANG_WARN_UNGUARDED_AVAILABILITY = YES_AGGRESSIVE;
				CLANG_WARN_UNREACHABLE_CODE = YES;
				CLANG_WARN__DUPLICATE_METHOD_MATCH = YES;
				CODE_SIGN_IDENTITY = "Mac Developer";
				COPY_PHASE_STRIP = NO;
				DEBUG_INFORMATION_FORMAT = "dwarf-with-dsym";
				ENABLE_NS_ASSERTIONS = NO;
				ENABLE_STRICT_OBJC_MSGSEND = YES;
				GCC_C_LANGUAGE_STANDARD = gnu11;
				GCC_NO_COMMON_BLOCKS = YES;
				GCC_WARN_64_TO_32_BIT_CONVERSION = YES;
				GCC_WARN_ABOUT_RETURN_TYPE = YES_ERROR;
				GCC_WARN_UNDECLARED_SELECTOR = YES;
				GCC_WARN_UNINITIALIZED_AUTOS = YES_AGGRESSIVE;
				GCC_WARN_UNUSED_FUNCTION = YES;
				GCC_WARN_UNUSED_VARIABLE = YES;
				MACOSX_DEPLOYMENT_TARGET = 10.13;
				MTL_ENABLE_DEBUG_INFO = NO;
				SDKROOT = macosx;
			};
			name = Release;
		};
		A2C08EDB215645C700223EEE /* Debug */ = {
			isa = XCBuildConfiguration;
			buildSettings = {
				CODE_SIGN_STYLE = Automatic;
				DEVELOPMENT_TEAM = R6P8JLT877;
				PRODUCT_NAME = "$(TARGET_NAME)";
			};
			name = Debug;
		};
		A2C08EDC215645C700223EEE /* Release */ = {
			isa = XCBuildConfiguration;
			buildSettings = {
				CODE_SIGN_STYLE = Automatic;
				DEVELOPMENT_TEAM = R6P8JLT877;
				PRODUCT_NAME = "$(TARGET_NAME)";
			};
			name = Release;
		};
/* End XCBuildConfiguration section */

/* Begin XCConfigurationList section */
		A2C08ECE215645C700223EEE /* Build configuration list for PBXProject "lab1AA" */ = {
			isa = XCConfigurationList;
			buildConfigurations = (
				A2C08ED8215645C700223EEE /* Debug */,
				A2C08ED9215645C700223EEE /* Release */,
			);
			defaultConfigurationIsVisible = 0;
			defaultConfigurationName = Release;
		};
		A2C08EDA215645C700223EEE /* Build configuration list for PBXNativeTarget "lab1AA" */ = {
			isa = XCConfigurationList;
			buildConfigurations = (
				A2C08EDB215645C700223EEE /* Debug */,
				A2C08EDC215645C700223EEE /* Release */,
			);
			defaultConfigurationIsVisible = 0;
			defaultConfigurationName = Release;
		};
/* End XCConfigurationList section */
	};
	rootObject = A2C08ECB215645C700223EEE /* Project object */;
}
